
Microsoft Visual Studio Solution File, Format Version 12.00
# Visual Studio Version 17
VisualStudioVersion = 17.13.35806.99 d17.13
MinimumVisualStudioVersion = 10.0.40219.1
Project("{FAE04EC0-301F-11D3-BF4B-00C04F79EFBC}") = "POmronFinsTCP.Net", "POmronFinsTCP.Net\POmronFinsTCP.Net.csproj", "{FF37A42D-938F-4B09-A938-394489F240DE}"
EndProject
Global
	GlobalSection(SolutionConfigurationPlatforms) = preSolution
		Debug|Any CPU = Debug|Any CPU
		Release|Any CPU = Release|Any CPU
	EndGlobalSection
	GlobalSection(ProjectConfigurationPlatforms) = postSolution
		{FF37A42D-938F-4B09-A938-394489F240DE}.Debug|Any CPU.ActiveCfg = Debug|Any CPU
		{FF37A42D-938F-4B09-A938-394489F240DE}.Debug|Any CPU.Build.0 = Debug|Any CPU
		{FF37A42D-938F-4B09-A938-394489F240DE}.Release|Any CPU.ActiveCfg = Release|Any CPU
		{FF37A42D-938F-4B09-A938-394489F240DE}.Release|Any CPU.Build.0 = Release|Any CPU
	EndGlobalSection
	GlobalSection(SolutionProperties) = preSolution
		HideSolutionNode = FALSE
	EndGlobalSection
	GlobalSection(ExtensibilityGlobals) = postSolution
		SolutionGuid = {EA17B8EA-EC76-453C-BD63-ADB37061E1F8}
	EndGlobalSection
	GlobalSection(SubversionScc) = preSolution
		Svn-Managed = True
		Manager = AnkhSVN - Subversion Support for Visual Studio
	EndGlobalSection
EndGlobal
